
Microsoft Visual Studio Solution File, Format Version 12.00
# Visual Studio Version 16
VisualStudioVersion = 16.0.30523.141
MinimumVisualStudioVersion = 10.0.40219.1
Project("{9A19103F-16F7-4668-BE54-9A1E7A4F7556}") = "Scenarios.Web", "Scenario.Dashboard\Scenarios.Web.csproj", "{8F7E13E7-95A4-41EC-8B18-2E74CBE7022E}"
EndProject
Project("{FAE04EC0-301F-11D3-BF4B-00C04F79EFBC}") = "Scenarios.Models", "Scenario.Models\Scenarios.Models.csproj", "{D6ABC1BF-9634-492E-A7BB-F2341C009AE2}"
EndProject
Project("{FAE04EC0-301F-11D3-BF4B-00C04F79EFBC}") = "Scenarios.Repository", "Scenario.Repository\Scenarios.Repository.csproj", "{7EA96FA5-C724-4F8F-9D5E-80A59293B9E0}"
EndProject
Project("{FAE04EC0-301F-11D3-BF4B-00C04F79EFBC}") = "Scenarios.Tests", "Scenario.Tests\Scenarios.Tests.csproj", "{40414343-D194-4502-974A-AC4E8365D741}"
EndProject
Global
	GlobalSection(SolutionConfigurationPlatforms) = preSolution
		Debug|Any CPU = Debug|Any CPU
		Release|Any CPU = Release|Any CPU
	EndGlobalSection
	GlobalSection(ProjectConfigurationPlatforms) = postSolution
		{8F7E13E7-95A4-41EC-8B18-2E74CBE7022E}.Debug|Any CPU.ActiveCfg = Debug|Any CPU
		{8F7E13E7-95A4-41EC-8B18-2E74CBE7022E}.Debug|Any CPU.Build.0 = Debug|Any CPU
		{8F7E13E7-95A4-41EC-8B18-2E74CBE7022E}.Release|Any CPU.ActiveCfg = Release|Any CPU
		{8F7E13E7-95A4-41EC-8B18-2E74CBE7022E}.Release|Any CPU.Build.0 = Release|Any CPU
		{D6ABC1BF-9634-492E-A7BB-F2341C009AE2}.Debug|Any CPU.ActiveCfg = Debug|Any CPU
		{D6ABC1BF-9634-492E-A7BB-F2341C009AE2}.Debug|Any CPU.Build.0 = Debug|Any CPU
		{D6ABC1BF-9634-492E-A7BB-F2341C009AE2}.Release|Any CPU.ActiveCfg = Release|Any CPU
		{D6ABC1BF-9634-492E-A7BB-F2341C009AE2}.Release|Any CPU.Build.0 = Release|Any CPU
		{7EA96FA5-C724-4F8F-9D5E-80A59293B9E0}.Debug|Any CPU.ActiveCfg = Debug|Any CPU
		{7EA96FA5-C724-4F8F-9D5E-80A59293B9E0}.Debug|Any CPU.Build.0 = Debug|Any CPU
		{7EA96FA5-C724-4F8F-9D5E-80A59293B9E0}.Release|Any CPU.ActiveCfg = Release|Any CPU
		{7EA96FA5-C724-4F8F-9D5E-80A59293B9E0}.Release|Any CPU.Build.0 = Release|Any CPU
		{40414343-D194-4502-974A-AC4E8365D741}.Debug|Any CPU.ActiveCfg = Debug|Any CPU
		{40414343-D194-4502-974A-AC4E8365D741}.Debug|Any CPU.Build.0 = Debug|Any CPU
		{40414343-D194-4502-974A-AC4E8365D741}.Release|Any CPU.ActiveCfg = Release|Any CPU
		{40414343-D194-4502-974A-AC4E8365D741}.Release|Any CPU.Build.0 = Release|Any CPU
	EndGlobalSection
	GlobalSection(SolutionProperties) = preSolution
		HideSolutionNode = FALSE
	EndGlobalSection
	GlobalSection(ExtensibilityGlobals) = postSolution
		SolutionGuid = {08391644-9DE7-4CA4-A84F-C59505EF5EB5}
	EndGlobalSection
EndGlobal
